
Microsoft Visual Studio Solution File, Format Version 12.00
# Visual Studio Version 16
VisualStudioVersion = 16.0.31515.178
MinimumVisualStudioVersion = 10.0.40219.1
Project("{9A19103F-16F7-4668-BE54-9A1E7A4F7556}") = "DDD.Console", "DDD.Console\DDD.Console.csproj", "{996D52A2-B226-4B92-96CC-9B0587D28914}"
EndProject
Project("{9A19103F-16F7-4668-BE54-9A1E7A4F7556}") = "DDD.Domain", "DDD.Domain\DDD.Domain.csproj", "{F3D97B2A-9A95-4618-ADA1-8012C904DEC2}"
EndProject
Project("{9A19103F-16F7-4668-BE54-9A1E7A4F7556}") = "DDD.Shared", "DDD.Shared\DDD.Shared.csproj", "{CF686412-53DF-4449-BF10-D0A79D1FA859}"
EndProject
Project("{FAE04EC0-301F-11D3-BF4B-00C04F79EFBC}") = "DDD.Tests", "DDD.Tests\DDD.Tests.csproj", "{43CAFC38-EC30-49A3-9C51-455206EDF5D8}"
EndProject
Global
	GlobalSection(SolutionConfigurationPlatforms) = preSolution
		Debug|Any CPU = Debug|Any CPU
		Release|Any CPU = Release|Any CPU
	EndGlobalSection
	GlobalSection(ProjectConfigurationPlatforms) = postSolution
		{996D52A2-B226-4B92-96CC-9B0587D28914}.Debug|Any CPU.ActiveCfg = Debug|Any CPU
		{996D52A2-B226-4B92-96CC-9B0587D28914}.Debug|Any CPU.Build.0 = Debug|Any CPU
		{996D52A2-B226-4B92-96CC-9B0587D28914}.Release|Any CPU.ActiveCfg = Release|Any CPU
		{996D52A2-B226-4B92-96CC-9B0587D28914}.Release|Any CPU.Build.0 = Release|Any CPU
		{F3D97B2A-9A95-4618-ADA1-8012C904DEC2}.Debug|Any CPU.ActiveCfg = Debug|Any CPU
		{F3D97B2A-9A95-4618-ADA1-8012C904DEC2}.Debug|Any CPU.Build.0 = Debug|Any CPU
		{F3D97B2A-9A95-4618-ADA1-8012C904DEC2}.Release|Any CPU.ActiveCfg = Release|Any CPU
		{F3D97B2A-9A95-4618-ADA1-8012C904DEC2}.Release|Any CPU.Build.0 = Release|Any CPU
		{CF686412-53DF-4449-BF10-D0A79D1FA859}.Debug|Any CPU.ActiveCfg = Debug|Any CPU
		{CF686412-53DF-4449-BF10-D0A79D1FA859}.Debug|Any CPU.Build.0 = Debug|Any CPU
		{CF686412-53DF-4449-BF10-D0A79D1FA859}.Release|Any CPU.ActiveCfg = Release|Any CPU
		{CF686412-53DF-4449-BF10-D0A79D1FA859}.Release|Any CPU.Build.0 = Release|Any CPU
		{43CAFC38-EC30-49A3-9C51-455206EDF5D8}.Debug|Any CPU.ActiveCfg = Debug|Any CPU
		{43CAFC38-EC30-49A3-9C51-455206EDF5D8}.Debug|Any CPU.Build.0 = Debug|Any CPU
		{43CAFC38-EC30-49A3-9C51-455206EDF5D8}.Release|Any CPU.ActiveCfg = Release|Any CPU
		{43CAFC38-EC30-49A3-9C51-455206EDF5D8}.Release|Any CPU.Build.0 = Release|Any CPU
	EndGlobalSection
	GlobalSection(SolutionProperties) = preSolution
		HideSolutionNode = FALSE
	EndGlobalSection
	GlobalSection(ExtensibilityGlobals) = postSolution
		SolutionGuid = {D6A051BC-D716-4F2F-8425-F9EFEC142EAC}
	EndGlobalSection
EndGlobal
